
Microsoft Visual Studio Solution File, Format Version 12.00
# Visual Studio Version 16
VisualStudioVersion = 16.0.30523.141
MinimumVisualStudioVersion = 10.0.40219.1
Project("{FAE04EC0-301F-11D3-BF4B-00C04F79EFBC}") = "Aquatric2", "Aquatric2\Aquatric2.csproj", "{A768B6EF-CBD3-4D9A-84C0-71C4A0248FBC}"
EndProject
Global
	GlobalSection(SolutionConfigurationPlatforms) = preSolution
		Debug|Any CPU = Debug|Any CPU
		Release|Any CPU = Release|Any CPU
	EndGlobalSection
	GlobalSection(ProjectConfigurationPlatforms) = postSolution
		{A768B6EF-CBD3-4D9A-84C0-71C4A0248FBC}.Debug|Any CPU.ActiveCfg = Debug|Any CPU
		{A768B6EF-CBD3-4D9A-84C0-71C4A0248FBC}.Debug|Any CPU.Build.0 = Debug|Any CPU
		{A768B6EF-CBD3-4D9A-84C0-71C4A0248FBC}.Release|Any CPU.ActiveCfg = Release|Any CPU
		{A768B6EF-CBD3-4D9A-84C0-71C4A0248FBC}.Release|Any CPU.Build.0 = Release|Any CPU
	EndGlobalSection
	GlobalSection(SolutionProperties) = preSolution
		HideSolutionNode = FALSE
	EndGlobalSection
	GlobalSection(ExtensibilityGlobals) = postSolution
		SolutionGuid = {772D5560-196F-45E7-BC97-3CE593C23B6E}
	EndGlobalSection
EndGlobal
